
Microsoft Visual Studio Solution File, Format Version 12.00
# Visual Studio Version 17
VisualStudioVersion = 17.7.34031.279
MinimumVisualStudioVersion = 10.0.40219.1
Project("{8BC9CEB8-8B4A-11D0-8D11-00A0C91BC942}") = "CapstoneProj", "CapstoneProj\CapstoneProj.vcxproj", "{ED4D105D-3D4A-4866-830E-8F296E56DD9C}"
EndProject
Project("{8BC9CEB8-8B4A-11D0-8D11-00A0C91BC942}") = "HellShell", "D:\Training\MaldevAcademy\HellShell\HellShell\HellShell\HellShell.vcxproj", "{23B6E08F-8A7D-4A63-A76D-EDFC67E02034}"
EndProject
Global
	GlobalSection(SolutionConfigurationPlatforms) = preSolution
		Debug|x64 = Debug|x64
		Debug|x86 = Debug|x86
		Release|x64 = Release|x64
		Release|x86 = Release|x86
	EndGlobalSection
	GlobalSection(ProjectConfigurationPlatforms) = postSolution
		{ED4D105D-3D4A-4866-830E-8F296E56DD9C}.Debug|x64.ActiveCfg = Debug|x64
		{ED4D105D-3D4A-4866-830E-8F296E56DD9C}.Debug|x64.Build.0 = Debug|x64
		{ED4D105D-3D4A-4866-830E-8F296E56DD9C}.Debug|x86.ActiveCfg = Debug|Win32
		{ED4D105D-3D4A-4866-830E-8F296E56DD9C}.Debug|x86.Build.0 = Debug|Win32
		{ED4D105D-3D4A-4866-830E-8F296E56DD9C}.Release|x64.ActiveCfg = Release|x64
		{ED4D105D-3D4A-4866-830E-8F296E56DD9C}.Release|x64.Build.0 = Release|x64
		{ED4D105D-3D4A-4866-830E-8F296E56DD9C}.Release|x86.ActiveCfg = Release|Win32
		{ED4D105D-3D4A-4866-830E-8F296E56DD9C}.Release|x86.Build.0 = Release|Win32
		{23B6E08F-8A7D-4A63-A76D-EDFC67E02034}.Debug|x64.ActiveCfg = Debug|x64
		{23B6E08F-8A7D-4A63-A76D-EDFC67E02034}.Debug|x64.Build.0 = Debug|x64
		{23B6E08F-8A7D-4A63-A76D-EDFC67E02034}.Debug|x86.ActiveCfg = Debug|Win32
		{23B6E08F-8A7D-4A63-A76D-EDFC67E02034}.Debug|x86.Build.0 = Debug|Win32
		{23B6E08F-8A7D-4A63-A76D-EDFC67E02034}.Release|x64.ActiveCfg = Release|x64
		{23B6E08F-8A7D-4A63-A76D-EDFC67E02034}.Release|x64.Build.0 = Release|x64
		{23B6E08F-8A7D-4A63-A76D-EDFC67E02034}.Release|x86.ActiveCfg = Release|Win32
		{23B6E08F-8A7D-4A63-A76D-EDFC67E02034}.Release|x86.Build.0 = Release|Win32
	EndGlobalSection
	GlobalSection(SolutionProperties) = preSolution
		HideSolutionNode = FALSE
	EndGlobalSection
	GlobalSection(ExtensibilityGlobals) = postSolution
		SolutionGuid = {B8D478EF-1026-4E03-9A97-D47EC3871FD1}
	EndGlobalSection
EndGlobal
